
Microsoft Visual Studio Solution File, Format Version 12.00
# Visual Studio Version 16
VisualStudioVersion = 16.0.30804.86
MinimumVisualStudioVersion = 10.0.40219.1
Project("{FAE04EC0-301F-11D3-BF4B-00C04F79EFBC}") = "delme", "delme\delme.csproj", "{0ADDF3B9-9C87-4181-9B4C-D5E12039C835}"
EndProject
Global
	GlobalSection(SolutionConfigurationPlatforms) = preSolution
		Debug|Any CPU = Debug|Any CPU
		Release|Any CPU = Release|Any CPU
	EndGlobalSection
	GlobalSection(ProjectConfigurationPlatforms) = postSolution
		{0ADDF3B9-9C87-4181-9B4C-D5E12039C835}.Debug|Any CPU.ActiveCfg = Debug|Any CPU
		{0ADDF3B9-9C87-4181-9B4C-D5E12039C835}.Debug|Any CPU.Build.0 = Debug|Any CPU
		{0ADDF3B9-9C87-4181-9B4C-D5E12039C835}.Release|Any CPU.ActiveCfg = Release|Any CPU
		{0ADDF3B9-9C87-4181-9B4C-D5E12039C835}.Release|Any CPU.Build.0 = Release|Any CPU
	EndGlobalSection
	GlobalSection(SolutionProperties) = preSolution
		HideSolutionNode = FALSE
	EndGlobalSection
	GlobalSection(ExtensibilityGlobals) = postSolution
		SolutionGuid = {A3F0F7BF-67AF-4823-9BF1-6E2BB495C3E3}
	EndGlobalSection
EndGlobal
